
Microsoft Visual Studio Solution File, Format Version 12.00
# Visual Studio Version 16
VisualStudioVersion = 16.0.31729.503
MinimumVisualStudioVersion = 10.0.40219.1
Project("{FAE04EC0-301F-11D3-BF4B-00C04F79EFBC}") = "QLNhanVien", "QLNhanVien\QLNhanVien.csproj", "{22DCDA5B-0AEA-4C30-9EA4-FD425661486D}"
EndProject
Global
	GlobalSection(SolutionConfigurationPlatforms) = preSolution
		Debug|Any CPU = Debug|Any CPU
		Release|Any CPU = Release|Any CPU
	EndGlobalSection
	GlobalSection(ProjectConfigurationPlatforms) = postSolution
		{22DCDA5B-0AEA-4C30-9EA4-FD425661486D}.Debug|Any CPU.ActiveCfg = Debug|Any CPU
		{22DCDA5B-0AEA-4C30-9EA4-FD425661486D}.Debug|Any CPU.Build.0 = Debug|Any CPU
		{22DCDA5B-0AEA-4C30-9EA4-FD425661486D}.Release|Any CPU.ActiveCfg = Release|Any CPU
		{22DCDA5B-0AEA-4C30-9EA4-FD425661486D}.Release|Any CPU.Build.0 = Release|Any CPU
	EndGlobalSection
	GlobalSection(SolutionProperties) = preSolution
		HideSolutionNode = FALSE
	EndGlobalSection
	GlobalSection(ExtensibilityGlobals) = postSolution
		SolutionGuid = {EC948FB8-0F29-46D8-AF29-5F68B14D49E7}
	EndGlobalSection
EndGlobal
